{
  "name": "easy-googlesheets",
  "version": "1.0.1",
  "lockfileVersion": 2,
  "requires": true,
  "packages": {
    "": {
      "name": "easy-googlesheets",
      "version": "1.0.1",
      "license": "MIT",
      "dependencies": {
        "axios": "^0.26.1",
        "easy-googlesheets": "^1.0.1"
      }
    },
    "node_modules/axios": {
      "version": "0.26.1",
      "resolved": "https://registry.npmjs.org/axios/-/axios-0.26.1.tgz",
      "integrity": "sha512-fPwcX4EvnSHuInCMItEhAGnaSEXRBjtzh9fOtsE6E1G6p7vl7edEeZe11QHf18+6+9gR5PbKV/sGKNaD8YaMeA==",
      "dependencies": {
        "follow-redirects": "^1.14.8"
      }
    },
    "node_modules/easy-googlesheets": {
      "version": "1.0.1",
      "resolved": "https://registry.npmjs.org/easy-googlesheets/-/easy-googlesheets-1.0.1.tgz",
      "integrity": "sha512-xEw5dxyFEo1VsppGZNTo2qH9tMUcJxe+vfgU2YbcVDE/dLO7mHqG6abUPlauDy1E0Og0tO/j8TNyRfPqIoLxGg==",
      "dependencies": {
        "axios": "^0.26.1"
      }
    },
    "node_modules/follow-redirects": {
      "version": "1.14.9",
      "resolved": "https://registry.npmjs.org/follow-redirects/-/follow-redirects-1.14.9.tgz",
      "integrity": "sha512-MQDfihBQYMcyy5dhRDJUHcw7lb2Pv/TuE6xP1vyraLukNDHKbDxDNaOE3NbCAdKQApno+GPRyo1YAp89yCjK4w==",
      "funding": [
        {
          "type": "individual",
          "url": "https://github.com/sponsors/RubenVerborgh"
        }
      ],
      "engines": {
        "node": ">=4.0"
      },
      "peerDependenciesMeta": {
        "debug": {
          "optional": true
        }
      }
    }
  },
  "dependencies": {
    "axios": {
      "version": "0.26.1",
      "resolved": "https://registry.npmjs.org/axios/-/axios-0.26.1.tgz",
      "integrity": "sha512-fPwcX4EvnSHuInCMItEhAGnaSEXRBjtzh9fOtsE6E1G6p7vl7edEeZe11QHf18+6+9gR5PbKV/sGKNaD8YaMeA==",
      "requires": {
        "follow-redirects": "^1.14.8"
      }
    },
    "easy-googlesheets": {
      "version": "1.0.1",
      "resolved": "https://registry.npmjs.org/easy-googlesheets/-/easy-googlesheets-1.0.1.tgz",
      "integrity": "sha512-xEw5dxyFEo1VsppGZNTo2qH9tMUcJxe+vfgU2YbcVDE/dLO7mHqG6abUPlauDy1E0Og0tO/j8TNyRfPqIoLxGg==",
      "requires": {
        "axios": "^0.26.1"
      }
    },
    "follow-redirects": {
      "version": "1.14.9",
      "resolved": "https://registry.npmjs.org/follow-redirects/-/follow-redirects-1.14.9.tgz",
      "integrity": "sha512-MQDfihBQYMcyy5dhRDJUHcw7lb2Pv/TuE6xP1vyraLukNDHKbDxDNaOE3NbCAdKQApno+GPRyo1YAp89yCjK4w=="
    }
  }
}
